{
  "name": "libs-pomfix-run",
  "version": "2.9.0",
  "dependencies": {
    "ansi-regex": {
      "version": "2.0.0",
      "from": "ansi-regex@>=2.0.0 <3.0.0",
      "resolved": "https://registry.npmjs.org/ansi-regex/-/ansi-regex-2.0.0.tgz"
    },
    "ansi-styles": {
      "version": "2.2.1",
      "from": "ansi-styles@>=2.2.1 <3.0.0",
      "resolved": "https://registry.npmjs.org/ansi-styles/-/ansi-styles-2.2.1.tgz"
    },
    "balanced-match": {
      "version": "0.4.2",
      "from": "balanced-match@>=0.4.1 <0.5.0",
      "resolved": "https://registry.npmjs.org/balanced-match/-/balanced-match-0.4.2.tgz"
    },
    "boolbase": {
      "version": "1.0.0",
      "from": "boolbase@>=1.0.0 <1.1.0",
      "resolved": "https://registry.npmjs.org/boolbase/-/boolbase-1.0.0.tgz"
    },
    "brace-expansion": {
      "version": "1.1.6",
      "from": "brace-expansion@>=1.0.0 <2.0.0",
      "resolved": "https://registry.npmjs.org/brace-expansion/-/brace-expansion-1.1.6.tgz"
    },
    "buffer-shims": {
      "version": "1.0.0",
      "from": "buffer-shims@>=1.0.0 <2.0.0",
      "resolved": "https://registry.npmjs.org/buffer-shims/-/buffer-shims-1.0.0.tgz"
    },
    "chalk": {
      "version": "1.1.3",
      "from": "chalk@>=1.1.1 <2.0.0",
      "resolved": "https://registry.npmjs.org/chalk/-/chalk-1.1.3.tgz"
    },
    "cheerio": {
      "version": "0.19.0",
      "from": "cheerio@>=0.19.0 <0.20.0",
      "resolved": "https://registry.npmjs.org/cheerio/-/cheerio-0.19.0.tgz"
    },
    "commander": {
      "version": "2.9.0",
      "from": "commander@>=2.9.0 <3.0.0",
      "resolved": "https://registry.npmjs.org/commander/-/commander-2.9.0.tgz"
    },
    "concat-map": {
      "version": "0.0.1",
      "from": "concat-map@0.0.1",
      "resolved": "https://registry.npmjs.org/concat-map/-/concat-map-0.0.1.tgz"
    },
    "core-util-is": {
      "version": "1.0.2",
      "from": "core-util-is@>=1.0.0 <1.1.0",
      "resolved": "https://registry.npmjs.org/core-util-is/-/core-util-is-1.0.2.tgz"
    },
    "css-select": {
      "version": "1.0.0",
      "from": "css-select@>=1.0.0 <1.1.0",
      "resolved": "https://registry.npmjs.org/css-select/-/css-select-1.0.0.tgz"
    },
    "css-what": {
      "version": "1.0.0",
      "from": "css-what@>=1.0.0 <1.1.0",
      "resolved": "https://registry.npmjs.org/css-what/-/css-what-1.0.0.tgz"
    },
    "dom-serializer": {
      "version": "0.1.0",
      "from": "dom-serializer@>=0.1.0 <0.2.0",
      "resolved": "https://registry.npmjs.org/dom-serializer/-/dom-serializer-0.1.0.tgz",
      "dependencies": {
        "domelementtype": {
          "version": "1.1.3",
          "from": "domelementtype@>=1.1.1 <1.2.0",
          "resolved": "https://registry.npmjs.org/domelementtype/-/domelementtype-1.1.3.tgz"
        }
      }
    },
    "domelementtype": {
      "version": "1.3.0",
      "from": "domelementtype@>=1.0.0 <2.0.0",
      "resolved": "https://registry.npmjs.org/domelementtype/-/domelementtype-1.3.0.tgz"
    },
    "domhandler": {
      "version": "2.3.0",
      "from": "domhandler@>=2.3.0 <2.4.0",
      "resolved": "https://registry.npmjs.org/domhandler/-/domhandler-2.3.0.tgz"
    },
    "domutils": {
      "version": "1.4.3",
      "from": "domutils@>=1.4.0 <1.5.0",
      "resolved": "https://registry.npmjs.org/domutils/-/domutils-1.4.3.tgz"
    },
    "duplexer": {
      "version": "0.1.1",
      "from": "duplexer@>=0.1.1 <0.2.0",
      "resolved": "https://registry.npmjs.org/duplexer/-/duplexer-0.1.1.tgz"
    },
    "entities": {
      "version": "1.1.1",
      "from": "entities@>=1.1.1 <1.2.0",
      "resolved": "https://registry.npmjs.org/entities/-/entities-1.1.1.tgz"
    },
    "escape-string-regexp": {
      "version": "1.0.5",
      "from": "escape-string-regexp@>=1.0.2 <2.0.0",
      "resolved": "https://registry.npmjs.org/escape-string-regexp/-/escape-string-regexp-1.0.5.tgz"
    },
    "event-stream": {
      "version": "3.3.4",
      "from": "event-stream@>=3.3.2 <4.0.0",
      "resolved": "https://registry.npmjs.org/event-stream/-/event-stream-3.3.4.tgz",
      "dependencies": {
        "stream-combiner": {
          "version": "0.0.4",
          "from": "stream-combiner@>=0.0.4 <0.1.0",
          "resolved": "https://registry.npmjs.org/stream-combiner/-/stream-combiner-0.0.4.tgz"
        }
      }
    },
    "from": {
      "version": "0.1.3",
      "from": "from@>=0.0.0 <1.0.0",
      "resolved": "https://registry.npmjs.org/from/-/from-0.1.3.tgz"
    },
    "graceful-fs": {
      "version": "4.1.10",
      "from": "graceful-fs@>=4.1.2 <5.0.0",
      "resolved": "https://registry.npmjs.org/graceful-fs/-/graceful-fs-4.1.10.tgz"
    },
    "graceful-readlink": {
      "version": "1.0.1",
      "from": "graceful-readlink@>=1.0.0",
      "resolved": "https://registry.npmjs.org/graceful-readlink/-/graceful-readlink-1.0.1.tgz"
    },
    "has-ansi": {
      "version": "2.0.0",
      "from": "has-ansi@>=2.0.0 <3.0.0",
      "resolved": "https://registry.npmjs.org/has-ansi/-/has-ansi-2.0.0.tgz"
    },
    "htmlparser2": {
      "version": "3.8.3",
      "from": "htmlparser2@>=3.8.1 <3.9.0",
      "resolved": "https://registry.npmjs.org/htmlparser2/-/htmlparser2-3.8.3.tgz",
      "dependencies": {
        "domutils": {
          "version": "1.5.1",
          "from": "domutils@>=1.5.0 <1.6.0",
          "resolved": "https://registry.npmjs.org/domutils/-/domutils-1.5.1.tgz"
        },
        "entities": {
          "version": "1.0.0",
          "from": "entities@>=1.0.0 <1.1.0",
          "resolved": "https://registry.npmjs.org/entities/-/entities-1.0.0.tgz"
        }
      }
    },
    "inherits": {
      "version": "2.0.3",
      "from": "inherits@>=2.0.1 <2.1.0",
      "resolved": "https://registry.npmjs.org/inherits/-/inherits-2.0.3.tgz"
    },
    "isarray": {
      "version": "0.0.1",
      "from": "isarray@0.0.1",
      "resolved": "https://registry.npmjs.org/isarray/-/isarray-0.0.1.tgz"
    },
    "lodash": {
      "version": "3.10.1",
      "from": "lodash@>=3.2.0 <4.0.0",
      "resolved": "https://registry.npmjs.org/lodash/-/lodash-3.10.1.tgz"
    },
    "map-stream": {
      "version": "0.1.0",
      "from": "map-stream@>=0.1.0 <0.2.0",
      "resolved": "https://registry.npmjs.org/map-stream/-/map-stream-0.1.0.tgz"
    },
    "minimatch": {
      "version": "3.0.3",
      "from": "minimatch@>=3.0.2 <4.0.0",
      "resolved": "https://registry.npmjs.org/minimatch/-/minimatch-3.0.3.tgz"
    },
    "nth-check": {
      "version": "1.0.1",
      "from": "nth-check@>=1.0.0 <1.1.0",
      "resolved": "https://registry.npmjs.org/nth-check/-/nth-check-1.0.1.tgz"
    },
    "pause-stream": {
      "version": "0.0.11",
      "from": "pause-stream@0.0.11",
      "resolved": "https://registry.npmjs.org/pause-stream/-/pause-stream-0.0.11.tgz"
    },
    "pom-fix": {
      "version": "2.9.0",
      "from": "target\\npm\\pom-fix",
      "resolved": "file:target\\npm\\pom-fix"
    },
    "process-nextick-args": {
      "version": "1.0.7",
      "from": "process-nextick-args@>=1.0.6 <1.1.0",
      "resolved": "https://registry.npmjs.org/process-nextick-args/-/process-nextick-args-1.0.7.tgz"
    },
    "readable-stream": {
      "version": "1.1.14",
      "from": "readable-stream@>=1.1.0 <1.2.0",
      "resolved": "https://registry.npmjs.org/readable-stream/-/readable-stream-1.1.14.tgz"
    },
    "readdirp": {
      "version": "2.1.0",
      "from": "readdirp@>=2.0.0 <3.0.0",
      "resolved": "https://registry.npmjs.org/readdirp/-/readdirp-2.1.0.tgz",
      "dependencies": {
        "isarray": {
          "version": "1.0.0",
          "from": "isarray@>=1.0.0 <1.1.0",
          "resolved": "https://registry.npmjs.org/isarray/-/isarray-1.0.0.tgz"
        },
        "readable-stream": {
          "version": "2.2.1",
          "from": "readable-stream@>=2.0.2 <3.0.0",
          "resolved": "https://registry.npmjs.org/readable-stream/-/readable-stream-2.2.1.tgz"
        }
      }
    },
    "set-immediate-shim": {
      "version": "1.0.1",
      "from": "set-immediate-shim@>=1.0.1 <2.0.0",
      "resolved": "https://registry.npmjs.org/set-immediate-shim/-/set-immediate-shim-1.0.1.tgz"
    },
    "split": {
      "version": "0.3.3",
      "from": "split@>=0.3.0 <0.4.0",
      "resolved": "https://registry.npmjs.org/split/-/split-0.3.3.tgz"
    },
    "stream-combiner": {
      "version": "0.2.2",
      "from": "stream-combiner@>=0.2.2 <0.3.0",
      "resolved": "https://registry.npmjs.org/stream-combiner/-/stream-combiner-0.2.2.tgz"
    },
    "string_decoder": {
      "version": "0.10.31",
      "from": "string_decoder@>=0.10.0 <0.11.0",
      "resolved": "https://registry.npmjs.org/string_decoder/-/string_decoder-0.10.31.tgz"
    },
    "strip-ansi": {
      "version": "3.0.1",
      "from": "strip-ansi@>=3.0.0 <4.0.0",
      "resolved": "https://registry.npmjs.org/strip-ansi/-/strip-ansi-3.0.1.tgz"
    },
    "supports-color": {
      "version": "2.0.0",
      "from": "supports-color@>=2.0.0 <3.0.0",
      "resolved": "https://registry.npmjs.org/supports-color/-/supports-color-2.0.0.tgz"
    },
    "through": {
      "version": "2.3.8",
      "from": "through@>=2.3.1 <2.4.0",
      "resolved": "https://registry.npmjs.org/through/-/through-2.3.8.tgz"
    },
    "util-deprecate": {
      "version": "1.0.2",
      "from": "util-deprecate@>=1.0.1 <1.1.0",
      "resolved": "https://registry.npmjs.org/util-deprecate/-/util-deprecate-1.0.2.tgz"
    },
    "vkbeautify": {
      "version": "0.99.1",
      "from": "vkbeautify@>=0.99.1 <0.100.0",
      "resolved": "https://registry.npmjs.org/vkbeautify/-/vkbeautify-0.99.1.tgz"
    }
  }
}
